
Microsoft Visual Studio Solution File, Format Version 11.00
# Visual Studio 2010
Project("{8BC9CEB8-8B4A-11D0-8D11-00A0C91BC942}") = "volumn_render", "volumn_render.vcxproj", "{BB410210-7931-4A6E-89D9-6AC156F22322}"
EndProject
Global
	GlobalSection(SolutionConfigurationPlatforms) = preSolution
		Debug|Win32 = Debug|Win32
		Release|Win32 = Release|Win32
	EndGlobalSection
	GlobalSection(ProjectConfigurationPlatforms) = postSolution
		{BB410210-7931-4A6E-89D9-6AC156F22322}.Debug|Win32.ActiveCfg = Debug|Win32
		{BB410210-7931-4A6E-89D9-6AC156F22322}.Debug|Win32.Build.0 = Debug|Win32
		{BB410210-7931-4A6E-89D9-6AC156F22322}.Release|Win32.ActiveCfg = Release|Win32
		{BB410210-7931-4A6E-89D9-6AC156F22322}.Release|Win32.Build.0 = Release|Win32
	EndGlobalSection
	GlobalSection(SolutionProperties) = preSolution
		HideSolutionNode = FALSE
	EndGlobalSection
EndGlobal
